
Microsoft Visual Studio Solution File, Format Version 12.00
# Visual Studio Version 17
VisualStudioVersion = 17.5.33516.290
MinimumVisualStudioVersion = 10.0.40219.1
Project("{FAE04EC0-301F-11D3-BF4B-00C04F79EFBC}") = "ConstructorChaining", "ConstructorChaining\ConstructorChaining.csproj", "{43D3AD2A-BCC9-439F-8118-42590ABE5F2E}"
EndProject
Global
	GlobalSection(SolutionConfigurationPlatforms) = preSolution
		Debug|Any CPU = Debug|Any CPU
		Release|Any CPU = Release|Any CPU
	EndGlobalSection
	GlobalSection(ProjectConfigurationPlatforms) = postSolution
		{43D3AD2A-BCC9-439F-8118-42590ABE5F2E}.Debug|Any CPU.ActiveCfg = Debug|Any CPU
		{43D3AD2A-BCC9-439F-8118-42590ABE5F2E}.Debug|Any CPU.Build.0 = Debug|Any CPU
		{43D3AD2A-BCC9-439F-8118-42590ABE5F2E}.Release|Any CPU.ActiveCfg = Release|Any CPU
		{43D3AD2A-BCC9-439F-8118-42590ABE5F2E}.Release|Any CPU.Build.0 = Release|Any CPU
	EndGlobalSection
	GlobalSection(SolutionProperties) = preSolution
		HideSolutionNode = FALSE
	EndGlobalSection
	GlobalSection(ExtensibilityGlobals) = postSolution
		SolutionGuid = {D928D2D9-AFC0-45B9-950C-EBE6F68A57DE}
	EndGlobalSection
EndGlobal
