
Microsoft Visual Studio Solution File, Format Version 12.00
# Visual Studio Version 17
VisualStudioVersion = 17.5.33516.290
MinimumVisualStudioVersion = 10.0.40219.1
Project("{FAE04EC0-301F-11D3-BF4B-00C04F79EFBC}") = "PossibleSubstringsOfAString", "PossibleSubstringsOfAString\PossibleSubstringsOfAString.csproj", "{1D87D596-80BB-47FA-B4FD-5D2540C522BB}"
EndProject
Global
	GlobalSection(SolutionConfigurationPlatforms) = preSolution
		Debug|Any CPU = Debug|Any CPU
		Release|Any CPU = Release|Any CPU
	EndGlobalSection
	GlobalSection(ProjectConfigurationPlatforms) = postSolution
		{1D87D596-80BB-47FA-B4FD-5D2540C522BB}.Debug|Any CPU.ActiveCfg = Debug|Any CPU
		{1D87D596-80BB-47FA-B4FD-5D2540C522BB}.Debug|Any CPU.Build.0 = Debug|Any CPU
		{1D87D596-80BB-47FA-B4FD-5D2540C522BB}.Release|Any CPU.ActiveCfg = Release|Any CPU
		{1D87D596-80BB-47FA-B4FD-5D2540C522BB}.Release|Any CPU.Build.0 = Release|Any CPU
	EndGlobalSection
	GlobalSection(SolutionProperties) = preSolution
		HideSolutionNode = FALSE
	EndGlobalSection
	GlobalSection(ExtensibilityGlobals) = postSolution
		SolutionGuid = {1500BB3B-F646-44C9-AFED-A1887C63A9F7}
	EndGlobalSection
EndGlobal
