
Microsoft Visual Studio Solution File, Format Version 12.00
# Visual Studio Version 17
VisualStudioVersion = 17.5.33516.290
MinimumVisualStudioVersion = 10.0.40219.1
Project("{FAE04EC0-301F-11D3-BF4B-00C04F79EFBC}") = "ReverseEachWordOfString", "ReverseEachWordOfString\ReverseEachWordOfString.csproj", "{DDA75B66-9525-456D-964F-F8706B2A2FCF}"
EndProject
Global
	GlobalSection(SolutionConfigurationPlatforms) = preSolution
		Debug|Any CPU = Debug|Any CPU
		Release|Any CPU = Release|Any CPU
	EndGlobalSection
	GlobalSection(ProjectConfigurationPlatforms) = postSolution
		{DDA75B66-9525-456D-964F-F8706B2A2FCF}.Debug|Any CPU.ActiveCfg = Debug|Any CPU
		{DDA75B66-9525-456D-964F-F8706B2A2FCF}.Debug|Any CPU.Build.0 = Debug|Any CPU
		{DDA75B66-9525-456D-964F-F8706B2A2FCF}.Release|Any CPU.ActiveCfg = Release|Any CPU
		{DDA75B66-9525-456D-964F-F8706B2A2FCF}.Release|Any CPU.Build.0 = Release|Any CPU
	EndGlobalSection
	GlobalSection(SolutionProperties) = preSolution
		HideSolutionNode = FALSE
	EndGlobalSection
	GlobalSection(ExtensibilityGlobals) = postSolution
		SolutionGuid = {6233EE13-4A1E-4250-AC0A-B1072FF39AE4}
	EndGlobalSection
EndGlobal
