
Microsoft Visual Studio Solution File, Format Version 12.00
# Visual Studio Version 17
VisualStudioVersion = 17.5.33516.290
MinimumVisualStudioVersion = 10.0.40219.1
Project("{FAE04EC0-301F-11D3-BF4B-00C04F79EFBC}") = "LeftCircularRotationInArray", "LeftCircularRotationInArray\LeftCircularRotationInArray.csproj", "{1D9B4E8E-D7E7-4087-BC1F-349AB49B380B}"
EndProject
Global
	GlobalSection(SolutionConfigurationPlatforms) = preSolution
		Debug|Any CPU = Debug|Any CPU
		Release|Any CPU = Release|Any CPU
	EndGlobalSection
	GlobalSection(ProjectConfigurationPlatforms) = postSolution
		{1D9B4E8E-D7E7-4087-BC1F-349AB49B380B}.Debug|Any CPU.ActiveCfg = Debug|Any CPU
		{1D9B4E8E-D7E7-4087-BC1F-349AB49B380B}.Debug|Any CPU.Build.0 = Debug|Any CPU
		{1D9B4E8E-D7E7-4087-BC1F-349AB49B380B}.Release|Any CPU.ActiveCfg = Release|Any CPU
		{1D9B4E8E-D7E7-4087-BC1F-349AB49B380B}.Release|Any CPU.Build.0 = Release|Any CPU
	EndGlobalSection
	GlobalSection(SolutionProperties) = preSolution
		HideSolutionNode = FALSE
	EndGlobalSection
	GlobalSection(ExtensibilityGlobals) = postSolution
		SolutionGuid = {1D69796D-5C57-4638-A564-DB0577F8D468}
	EndGlobalSection
EndGlobal
