
Microsoft Visual Studio Solution File, Format Version 12.00
# Visual Studio Version 17
VisualStudioVersion = 17.5.33516.290
MinimumVisualStudioVersion = 10.0.40219.1
Project("{FAE04EC0-301F-11D3-BF4B-00C04F79EFBC}") = "PrimeNumbers", "PrimeNumbers\PrimeNumbers.csproj", "{02C1D170-3E92-4044-9FF6-9DCBA8456D39}"
EndProject
Global
	GlobalSection(SolutionConfigurationPlatforms) = preSolution
		Debug|Any CPU = Debug|Any CPU
		Release|Any CPU = Release|Any CPU
	EndGlobalSection
	GlobalSection(ProjectConfigurationPlatforms) = postSolution
		{02C1D170-3E92-4044-9FF6-9DCBA8456D39}.Debug|Any CPU.ActiveCfg = Debug|Any CPU
		{02C1D170-3E92-4044-9FF6-9DCBA8456D39}.Debug|Any CPU.Build.0 = Debug|Any CPU
		{02C1D170-3E92-4044-9FF6-9DCBA8456D39}.Release|Any CPU.ActiveCfg = Release|Any CPU
		{02C1D170-3E92-4044-9FF6-9DCBA8456D39}.Release|Any CPU.Build.0 = Release|Any CPU
	EndGlobalSection
	GlobalSection(SolutionProperties) = preSolution
		HideSolutionNode = FALSE
	EndGlobalSection
	GlobalSection(ExtensibilityGlobals) = postSolution
		SolutionGuid = {7B1B9F72-5F95-414E-9982-1C4A78F8381F}
	EndGlobalSection
EndGlobal
