
Microsoft Visual Studio Solution File, Format Version 12.00
# Visual Studio Version 17
VisualStudioVersion = 17.5.33516.290
MinimumVisualStudioVersion = 10.0.40219.1
Project("{FAE04EC0-301F-11D3-BF4B-00C04F79EFBC}") = "SecondLargestElementInArray", "SecondLargestElementInArray\SecondLargestElementInArray.csproj", "{14C36EF3-0E60-4535-8018-2D8F0A86C969}"
EndProject
Global
	GlobalSection(SolutionConfigurationPlatforms) = preSolution
		Debug|Any CPU = Debug|Any CPU
		Release|Any CPU = Release|Any CPU
	EndGlobalSection
	GlobalSection(ProjectConfigurationPlatforms) = postSolution
		{14C36EF3-0E60-4535-8018-2D8F0A86C969}.Debug|Any CPU.ActiveCfg = Debug|Any CPU
		{14C36EF3-0E60-4535-8018-2D8F0A86C969}.Debug|Any CPU.Build.0 = Debug|Any CPU
		{14C36EF3-0E60-4535-8018-2D8F0A86C969}.Release|Any CPU.ActiveCfg = Release|Any CPU
		{14C36EF3-0E60-4535-8018-2D8F0A86C969}.Release|Any CPU.Build.0 = Release|Any CPU
	EndGlobalSection
	GlobalSection(SolutionProperties) = preSolution
		HideSolutionNode = FALSE
	EndGlobalSection
	GlobalSection(ExtensibilityGlobals) = postSolution
		SolutionGuid = {59A2F937-4A6B-4CAD-B96E-55EE7783B49A}
	EndGlobalSection
EndGlobal
